
Microsoft Visual Studio Solution File, Format Version 12.00
# Visual Studio Version 17
VisualStudioVersion = 17.10.35201.131
MinimumVisualStudioVersion = 10.0.40219.1
Project("{FAE04EC0-301F-11D3-BF4B-00C04F79EFBC}") = "InitialMigration", "InitialMigration\InitialMigration.csproj", "{E09433BD-5B44-4431-933E-98265449323C}"
EndProject
Global
	GlobalSection(SolutionConfigurationPlatforms) = preSolution
		Debug|Any CPU = Debug|Any CPU
		Release|Any CPU = Release|Any CPU
	EndGlobalSection
	GlobalSection(ProjectConfigurationPlatforms) = postSolution
		{E09433BD-5B44-4431-933E-98265449323C}.Debug|Any CPU.ActiveCfg = Debug|Any CPU
		{E09433BD-5B44-4431-933E-98265449323C}.Debug|Any CPU.Build.0 = Debug|Any CPU
		{E09433BD-5B44-4431-933E-98265449323C}.Release|Any CPU.ActiveCfg = Release|Any CPU
		{E09433BD-5B44-4431-933E-98265449323C}.Release|Any CPU.Build.0 = Release|Any CPU
	EndGlobalSection
	GlobalSection(SolutionProperties) = preSolution
		HideSolutionNode = FALSE
	EndGlobalSection
	GlobalSection(ExtensibilityGlobals) = postSolution
		SolutionGuid = {329934C8-D826-4DBE-8451-D0A567D30779}
	EndGlobalSection
EndGlobal
