
Microsoft Visual Studio Solution File, Format Version 12.00
# Visual Studio Version 17
VisualStudioVersion = 17.10.34916.146
MinimumVisualStudioVersion = 10.0.40219.1
Project("{FAE04EC0-301F-11D3-BF4B-00C04F79EFBC}") = "BasicSetup", "BasicSetup\BasicSetup.csproj", "{78D56B1A-318A-4965-A030-AFA8570318F3}"
EndProject
Project("{FAE04EC0-301F-11D3-BF4B-00C04F79EFBC}") = "ExcludeEntities", "ExcludeEntities\ExcludeEntities.csproj", "{ECE8C43D-32C2-40DD-9B2C-8F8DDA5B5399}"
EndProject
Project("{FAE04EC0-301F-11D3-BF4B-00C04F79EFBC}") = "IncludeEntities", "IncludeEntities\IncludeEntities.csproj", "{EF95E3C8-F2F2-4148-B083-F0777393826C}"
EndProject
Project("{FAE04EC0-301F-11D3-BF4B-00C04F79EFBC}") = "MappingView", "MappingView\MappingView.csproj", "{4D9057EA-98AA-4B09-83E0-BA353F62C752}"
EndProject
Project("{FAE04EC0-301F-11D3-BF4B-00C04F79EFBC}") = "TableValuedFunction", "TableValuedFunction\TableValuedFunction.csproj", "{EAC0BD09-41C4-44BF-9C2F-965C0681EEA0}"
EndProject
Global
	GlobalSection(SolutionConfigurationPlatforms) = preSolution
		Debug|Any CPU = Debug|Any CPU
		Release|Any CPU = Release|Any CPU
	EndGlobalSection
	GlobalSection(ProjectConfigurationPlatforms) = postSolution
		{78D56B1A-318A-4965-A030-AFA8570318F3}.Debug|Any CPU.ActiveCfg = Debug|Any CPU
		{78D56B1A-318A-4965-A030-AFA8570318F3}.Debug|Any CPU.Build.0 = Debug|Any CPU
		{78D56B1A-318A-4965-A030-AFA8570318F3}.Release|Any CPU.ActiveCfg = Release|Any CPU
		{78D56B1A-318A-4965-A030-AFA8570318F3}.Release|Any CPU.Build.0 = Release|Any CPU
		{ECE8C43D-32C2-40DD-9B2C-8F8DDA5B5399}.Debug|Any CPU.ActiveCfg = Debug|Any CPU
		{ECE8C43D-32C2-40DD-9B2C-8F8DDA5B5399}.Debug|Any CPU.Build.0 = Debug|Any CPU
		{ECE8C43D-32C2-40DD-9B2C-8F8DDA5B5399}.Release|Any CPU.ActiveCfg = Release|Any CPU
		{ECE8C43D-32C2-40DD-9B2C-8F8DDA5B5399}.Release|Any CPU.Build.0 = Release|Any CPU
		{EF95E3C8-F2F2-4148-B083-F0777393826C}.Debug|Any CPU.ActiveCfg = Debug|Any CPU
		{EF95E3C8-F2F2-4148-B083-F0777393826C}.Debug|Any CPU.Build.0 = Debug|Any CPU
		{EF95E3C8-F2F2-4148-B083-F0777393826C}.Release|Any CPU.ActiveCfg = Release|Any CPU
		{EF95E3C8-F2F2-4148-B083-F0777393826C}.Release|Any CPU.Build.0 = Release|Any CPU
		{4D9057EA-98AA-4B09-83E0-BA353F62C752}.Debug|Any CPU.ActiveCfg = Debug|Any CPU
		{4D9057EA-98AA-4B09-83E0-BA353F62C752}.Debug|Any CPU.Build.0 = Debug|Any CPU
		{4D9057EA-98AA-4B09-83E0-BA353F62C752}.Release|Any CPU.ActiveCfg = Release|Any CPU
		{4D9057EA-98AA-4B09-83E0-BA353F62C752}.Release|Any CPU.Build.0 = Release|Any CPU
		{EAC0BD09-41C4-44BF-9C2F-965C0681EEA0}.Debug|Any CPU.ActiveCfg = Debug|Any CPU
		{EAC0BD09-41C4-44BF-9C2F-965C0681EEA0}.Debug|Any CPU.Build.0 = Debug|Any CPU
		{EAC0BD09-41C4-44BF-9C2F-965C0681EEA0}.Release|Any CPU.ActiveCfg = Release|Any CPU
		{EAC0BD09-41C4-44BF-9C2F-965C0681EEA0}.Release|Any CPU.Build.0 = Release|Any CPU
	EndGlobalSection
	GlobalSection(SolutionProperties) = preSolution
		HideSolutionNode = FALSE
	EndGlobalSection
	GlobalSection(ExtensibilityGlobals) = postSolution
		SolutionGuid = {D3CFA8C8-FE11-4B7E-AD91-BF618ECD4093}
	EndGlobalSection
EndGlobal
