
Microsoft Visual Studio Solution File, Format Version 12.00
# Visual Studio Version 17
VisualStudioVersion = 17.10.34916.146
MinimumVisualStudioVersion = 10.0.40219.1
Project("{FAE04EC0-301F-11D3-BF4B-00C04F79EFBC}") = "ExternalConfiguration", "ExternalConfiguration\ExternalConfiguration.csproj", "{51E82DB8-84CF-4179-88F5-37E56DC3ECE7}"
EndProject
Project("{FAE04EC0-301F-11D3-BF4B-00C04F79EFBC}") = "UsingDependencyInjection", "UsingDependencyInjection\UsingDependencyInjection.csproj", "{96477149-6244-4408-98C5-A517CB755B8F}"
EndProject
Project("{FAE04EC0-301F-11D3-BF4B-00C04F79EFBC}") = "UsingContextFactory", "UsingContextFactory\UsingContextFactory.csproj", "{2D118B77-6FDF-4649-8429-821D4EF30AA6}"
EndProject
Project("{FAE04EC0-301F-11D3-BF4B-00C04F79EFBC}") = "DbContextAndConcurrency", "DbContextAndConcurrency\DbContextAndConcurrency.csproj", "{29E21321-7A77-4D93-9805-D7D89257B2FD}"
EndProject
Project("{FAE04EC0-301F-11D3-BF4B-00C04F79EFBC}") = "UsingContextPooling", "UsingContextPooling\UsingContextPooling.csproj", "{61F05E5F-0693-40F2-88C6-81FF5F38E6A7}"
EndProject
Global
	GlobalSection(SolutionConfigurationPlatforms) = preSolution
		Debug|Any CPU = Debug|Any CPU
		Release|Any CPU = Release|Any CPU
	EndGlobalSection
	GlobalSection(ProjectConfigurationPlatforms) = postSolution
		{51E82DB8-84CF-4179-88F5-37E56DC3ECE7}.Debug|Any CPU.ActiveCfg = Debug|Any CPU
		{51E82DB8-84CF-4179-88F5-37E56DC3ECE7}.Debug|Any CPU.Build.0 = Debug|Any CPU
		{51E82DB8-84CF-4179-88F5-37E56DC3ECE7}.Release|Any CPU.ActiveCfg = Release|Any CPU
		{51E82DB8-84CF-4179-88F5-37E56DC3ECE7}.Release|Any CPU.Build.0 = Release|Any CPU
		{96477149-6244-4408-98C5-A517CB755B8F}.Debug|Any CPU.ActiveCfg = Debug|Any CPU
		{96477149-6244-4408-98C5-A517CB755B8F}.Debug|Any CPU.Build.0 = Debug|Any CPU
		{96477149-6244-4408-98C5-A517CB755B8F}.Release|Any CPU.ActiveCfg = Release|Any CPU
		{96477149-6244-4408-98C5-A517CB755B8F}.Release|Any CPU.Build.0 = Release|Any CPU
		{2D118B77-6FDF-4649-8429-821D4EF30AA6}.Debug|Any CPU.ActiveCfg = Debug|Any CPU
		{2D118B77-6FDF-4649-8429-821D4EF30AA6}.Debug|Any CPU.Build.0 = Debug|Any CPU
		{2D118B77-6FDF-4649-8429-821D4EF30AA6}.Release|Any CPU.ActiveCfg = Release|Any CPU
		{2D118B77-6FDF-4649-8429-821D4EF30AA6}.Release|Any CPU.Build.0 = Release|Any CPU
		{29E21321-7A77-4D93-9805-D7D89257B2FD}.Debug|Any CPU.ActiveCfg = Debug|Any CPU
		{29E21321-7A77-4D93-9805-D7D89257B2FD}.Debug|Any CPU.Build.0 = Debug|Any CPU
		{29E21321-7A77-4D93-9805-D7D89257B2FD}.Release|Any CPU.ActiveCfg = Release|Any CPU
		{29E21321-7A77-4D93-9805-D7D89257B2FD}.Release|Any CPU.Build.0 = Release|Any CPU
		{61F05E5F-0693-40F2-88C6-81FF5F38E6A7}.Debug|Any CPU.ActiveCfg = Debug|Any CPU
		{61F05E5F-0693-40F2-88C6-81FF5F38E6A7}.Debug|Any CPU.Build.0 = Debug|Any CPU
		{61F05E5F-0693-40F2-88C6-81FF5F38E6A7}.Release|Any CPU.ActiveCfg = Release|Any CPU
		{61F05E5F-0693-40F2-88C6-81FF5F38E6A7}.Release|Any CPU.Build.0 = Release|Any CPU
	EndGlobalSection
	GlobalSection(SolutionProperties) = preSolution
		HideSolutionNode = FALSE
	EndGlobalSection
	GlobalSection(ExtensibilityGlobals) = postSolution
		SolutionGuid = {CD8B091B-6304-4DD5-8BFF-D806529E3FD1}
	EndGlobalSection
EndGlobal
